# THIS IS AN AUTOGENERATED FILE. DO NOT EDIT THIS FILE DIRECTLY.
# yarn lockfile v1


"@polymer/app-layout@^3.0.0-pre.10":
  version "3.0.0-pre.10"
  resolved "https://registry.yarnpkg.com/@polymer/app-layout/-/app-layout-3.0.0-pre.10.tgz#e64032cc87f3bccb75c4fd25ac4b23096ad9cea3"
  dependencies:
    "@polymer/iron-flex-layout" "^3.0.0-pre.10"
    "@polymer/iron-media-query" "^3.0.0-pre.10"
    "@polymer/iron-resizable-behavior" "^3.0.0-pre.10"
    "@polymer/iron-scroll-target-behavior" "^3.0.0-pre.10"
    "@polymer/polymer" "^3.0.0-pre.10"

"@polymer/app-route@^3.0.0-pre.10":
  version "3.0.0-pre.10"
  resolved "https://registry.yarnpkg.com/@polymer/app-route/-/app-route-3.0.0-pre.10.tgz#ed79af7d877836cc1791b38815da532674a6f131"
  dependencies:
    "@polymer/iron-location" "^3.0.0-pre.10"
    "@polymer/polymer" "^3.0.0-pre.10"

"@polymer/font-roboto@^3.0.0-pre.10":
  version "3.0.0-pre.10"
  resolved "https://registry.yarnpkg.com/@polymer/font-roboto/-/font-roboto-3.0.0-pre.10.tgz#24489cac9a556d4b5d119749ff48a703350cabc2"

"@polymer/iron-a11y-keys-behavior@^3.0.0-pre.10":
  version "3.0.0-pre.10"
  resolved "https://registry.yarnpkg.com/@polymer/iron-a11y-keys-behavior/-/iron-a11y-keys-behavior-3.0.0-pre.10.tgz#87c861f04a77650c3748164d97141ca71f303d67"
  dependencies:
    "@polymer/polymer" "^3.0.0-pre.10"

"@polymer/iron-behaviors@^3.0.0-pre.10":
  version "3.0.0-pre.10"
  resolved "https://registry.yarnpkg.com/@polymer/iron-behaviors/-/iron-behaviors-3.0.0-pre.10.tgz#cca3ce8d9b6292b26595264c2bdb2e88a5c3cbf1"
  dependencies:
    "@polymer/iron-a11y-keys-behavior" "^3.0.0-pre.10"
    "@polymer/polymer" "^3.0.0-pre.10"

"@polymer/iron-checked-element-behavior@^3.0.0-pre.10":
  version "3.0.0-pre.10"
  resolved "https://registry.yarnpkg.com/@polymer/iron-checked-element-behavior/-/iron-checked-element-behavior-3.0.0-pre.10.tgz#3f30707e9fed1c88ac9f9d6b2787f73eb35fc8a5"
  dependencies:
    "@polymer/iron-form-element-behavior" "^3.0.0-pre.10"
    "@polymer/iron-validatable-behavior" "^3.0.0-pre.10"
    "@polymer/polymer" "^3.0.0-pre.10"

"@polymer/iron-flex-layout@^3.0.0-pre.10":
  version "3.0.0-pre.10"
  resolved "https://registry.yarnpkg.com/@polymer/iron-flex-layout/-/iron-flex-layout-3.0.0-pre.10.tgz#3436278e5ba65d423e3bdb1a7682e1611709c23f"
  dependencies:
    "@polymer/polymer" "^3.0.0-pre.10"

"@polymer/iron-form-element-behavior@^3.0.0-pre.10":
  version "3.0.0-pre.10"
  resolved "https://registry.yarnpkg.com/@polymer/iron-form-element-behavior/-/iron-form-element-behavior-3.0.0-pre.10.tgz#6e42f21128e8375b82613f30c592f299704639bc"
  dependencies:
    "@polymer/polymer" "^3.0.0-pre.10"

"@polymer/iron-icon@^3.0.0-pre.10":
  version "3.0.0-pre.10"
  resolved "https://registry.yarnpkg.com/@polymer/iron-icon/-/iron-icon-3.0.0-pre.10.tgz#98b285dbd27fd766d4724da1e2dd2a6ba5f5f988"
  dependencies:
    "@polymer/iron-flex-layout" "^3.0.0-pre.10"
    "@polymer/iron-meta" "^3.0.0-pre.10"
    "@polymer/polymer" "^3.0.0-pre.10"

"@polymer/iron-iconset-svg@^3.0.0-pre.10":
  version "3.0.0-pre.10"
  resolved "https://registry.yarnpkg.com/@polymer/iron-iconset-svg/-/iron-iconset-svg-3.0.0-pre.10.tgz#e8917d0c863da8460bd978df74127d9cf0af5ec5"
  dependencies:
    "@polymer/iron-meta" "^3.0.0-pre.10"
    "@polymer/polymer" "^3.0.0-pre.10"

"@polymer/iron-location@^3.0.0-pre.10":
  version "3.0.0-pre.10"
  resolved "https://registry.yarnpkg.com/@polymer/iron-location/-/iron-location-3.0.0-pre.10.tgz#96592e301f682a17c66d5a8382141e775216d4af"
  dependencies:
    "@polymer/polymer" "^3.0.0-pre.10"

"@polymer/iron-media-query@^3.0.0-pre.10":
  version "3.0.0-pre.10"
  resolved "https://registry.yarnpkg.com/@polymer/iron-media-query/-/iron-media-query-3.0.0-pre.10.tgz#9e3989b3a57d02d55d4a1f94acded3c5dc9f435e"
  dependencies:
    "@polymer/polymer" "^3.0.0-pre.10"

"@polymer/iron-meta@^3.0.0-pre.10":
  version "3.0.0-pre.10"
  resolved "https://registry.yarnpkg.com/@polymer/iron-meta/-/iron-meta-3.0.0-pre.10.tgz#84bd9216726673b8d7b4617633e8be3f8cacea89"
  dependencies:
    "@polymer/polymer" "^3.0.0-pre.10"

"@polymer/iron-pages@^3.0.0-pre.10":
  version "3.0.0-pre.10"
  resolved "https://registry.yarnpkg.com/@polymer/iron-pages/-/iron-pages-3.0.0-pre.10.tgz#09c48d111e229c1a7042c434080d4d55b1e094e1"
  dependencies:
    "@polymer/iron-resizable-behavior" "^3.0.0-pre.10"
    "@polymer/iron-selector" "^3.0.0-pre.10"
    "@polymer/polymer" "^3.0.0-pre.10"

"@polymer/iron-resizable-behavior@^3.0.0-pre.10":
  version "3.0.0-pre.10"
  resolved "https://registry.yarnpkg.com/@polymer/iron-resizable-behavior/-/iron-resizable-behavior-3.0.0-pre.10.tgz#0e44af3edfad4e5b655b4b2cb6a205530bbd0ae0"
  dependencies:
    "@polymer/polymer" "^3.0.0-pre.10"

"@polymer/iron-scroll-target-behavior@^3.0.0-pre.10":
  version "3.0.0-pre.10"
  resolved "https://registry.yarnpkg.com/@polymer/iron-scroll-target-behavior/-/iron-scroll-target-behavior-3.0.0-pre.10.tgz#d18aa5d83819a6e9c44b76ca8875297125576481"
  dependencies:
    "@polymer/polymer" "^3.0.0-pre.10"

"@polymer/iron-selector@^3.0.0-pre.10":
  version "3.0.0-pre.10"
  resolved "https://registry.yarnpkg.com/@polymer/iron-selector/-/iron-selector-3.0.0-pre.10.tgz#a99379f041fa28e889de290644c6baeaec6401e8"
  dependencies:
    "@polymer/polymer" "^3.0.0-pre.10"

"@polymer/iron-validatable-behavior@^3.0.0-pre.10":
  version "3.0.0-pre.10"
  resolved "https://registry.yarnpkg.com/@polymer/iron-validatable-behavior/-/iron-validatable-behavior-3.0.0-pre.10.tgz#f453e4f4070d749b1838ec9283f0ac3e053f29b5"
  dependencies:
    "@polymer/iron-meta" "^3.0.0-pre.10"
    "@polymer/polymer" "^3.0.0-pre.10"

"@polymer/paper-behaviors@^3.0.0-pre.10":
  version "3.0.0-pre.10"
  resolved "https://registry.yarnpkg.com/@polymer/paper-behaviors/-/paper-behaviors-3.0.0-pre.10.tgz#f725cadeef2058fcbaaa25cec7d969813a6f3e3f"
  dependencies:
    "@polymer/iron-behaviors" "^3.0.0-pre.10"
    "@polymer/iron-checked-element-behavior" "^3.0.0-pre.10"
    "@polymer/paper-ripple" "^3.0.0-pre.10"
    "@polymer/polymer" "^3.0.0-pre.10"

"@polymer/paper-icon-button@^3.0.0-pre.10":
  version "3.0.0-pre.10"
  resolved "https://registry.yarnpkg.com/@polymer/paper-icon-button/-/paper-icon-button-3.0.0-pre.10.tgz#d9673482637d8e309cae6494bf714dd1e0121e31"
  dependencies:
    "@polymer/iron-icon" "^3.0.0-pre.10"
    "@polymer/paper-behaviors" "^3.0.0-pre.10"
    "@polymer/paper-styles" "^3.0.0-pre.10"
    "@polymer/polymer" "^3.0.0-pre.10"

"@polymer/paper-ripple@^3.0.0-pre.10":
  version "3.0.0-pre.10"
  resolved "https://registry.yarnpkg.com/@polymer/paper-ripple/-/paper-ripple-3.0.0-pre.10.tgz#b591d4f813799c88fa4d1fb60bafb89bb71e2115"
  dependencies:
    "@polymer/iron-a11y-keys-behavior" "^3.0.0-pre.10"
    "@polymer/polymer" "^3.0.0-pre.10"

"@polymer/paper-styles@^3.0.0-pre.10":
  version "3.0.0-pre.10"
  resolved "https://registry.yarnpkg.com/@polymer/paper-styles/-/paper-styles-3.0.0-pre.10.tgz#f2e0af7b7a098b32bdb2bafa4368867a1b5daf03"
  dependencies:
    "@polymer/font-roboto" "^3.0.0-pre.10"
    "@polymer/iron-flex-layout" "^3.0.0-pre.10"
    "@polymer/polymer" "^3.0.0-pre.10"

"@polymer/polymer@^3.0.0-pre.10":
  version "3.0.0-pre.10"
  resolved "https://registry.yarnpkg.com/@polymer/polymer/-/polymer-3.0.0-pre.10.tgz#ffecc8cfac05546467b8913c73b7a9caf2a990c2"
  dependencies:
    "@webcomponents/shadycss" "^1.0.0"
    "@webcomponents/webcomponentsjs" "^1.0.0"

"@webcomponents/shadycss@^1.0.0":
  version "1.1.1"
  resolved "https://registry.yarnpkg.com/@webcomponents/shadycss/-/shadycss-1.1.1.tgz#abc821961c99a2b1c5e0f225cd01b139899ebc4c"

"@webcomponents/webcomponentsjs@^1.0.0", "@webcomponents/webcomponentsjs@^1.1.0":
  version "1.1.0"
  resolved "https://registry.yarnpkg.com/@webcomponents/webcomponentsjs/-/webcomponentsjs-1.1.0.tgz#1392799c266fca142622a720176f688beb74d181"
